
Microsoft Visual Studio Solution File, Format Version 12.00
# Visual Studio Version 17
VisualStudioVersion = 17.13.35806.99
MinimumVisualStudioVersion = 10.0.40219.1
Project("{2150E333-8FDC-42A3-9474-1A3956D46DE8}") = "Domain", "Domain", "{02EA681E-C7D8-13C7-8484-4AC65E1B71E8}"
EndProject
Project("{2150E333-8FDC-42A3-9474-1A3956D46DE8}") = "App", "App", "{F23FE666-52B8-48AC-960F-3F2F6C2C97E3}"
EndProject
Project("{2150E333-8FDC-42A3-9474-1A3956D46DE8}") = "Shared", "Shared", "{899FE16D-A00F-469B-BB11-00C55BB43BB7}"
EndProject
Project("{FAE04EC0-301F-11D3-BF4B-00C04F79EFBC}") = "ESTA.Admin", "src\ESTA.Admin\ESTA.Admin.csproj", "{6BBB4E8D-6567-4D6C-8414-1A02F2F0A759}"
EndProject
Project("{2150E333-8FDC-42A3-9474-1A3956D46DE8}") = "Data", "Data", "{31718A6D-ED1B-43CB-BB06-98028A994D45}"
EndProject
Project("{FAE04EC0-301F-11D3-BF4B-00C04F79EFBC}") = "ESTA.Shared.Data", "src\ESTA.Shared.Data\ESTA.Shared.Data.csproj", "{20843733-ACFD-4E44-AF84-5EE6E4EE89F5}"
EndProject
Project("{FAE04EC0-301F-11D3-BF4B-00C04F79EFBC}") = "ESTA.AppHost", "src\ESTA.AppHost\ESTA.AppHost.csproj", "{D0EA0669-E7B3-4E3B-A8B4-2A5B138C3936}"
EndProject
Project("{FAE04EC0-301F-11D3-BF4B-00C04F79EFBC}") = "ESTA.ServiceDefaults", "src\ESTA.ServiceDefaults\ESTA.ServiceDefaults.csproj", "{1608EB85-4BD7-4E81-8EDD-AF93201D8C06}"
EndProject
Project("{FAE04EC0-301F-11D3-BF4B-00C04F79EFBC}") = "ESTA.OrderApi", "src\ESTA.OrderApi\ESTA.OrderApi.csproj", "{D11FE0A5-941C-E467-81FE-D6BFEBF730E4}"
EndProject
Project("{FAE04EC0-301F-11D3-BF4B-00C04F79EFBC}") = "ESTA.Domain.Admin", "src\ESTA.Domain.Admin\ESTA.Domain.Admin.csproj", "{EB82C926-7D93-4A26-A3C7-FDCEA3D733AF}"
EndProject
Project("{FAE04EC0-301F-11D3-BF4B-00C04F79EFBC}") = "ESTA.Domain.Shared", "src\ESTA.Domain.Shared\ESTA.Domain.Shared.csproj", "{D2ACBEC7-EE07-4D38-A12C-37D9962FF18C}"
EndProject
Project("{FAE04EC0-301F-11D3-BF4B-00C04F79EFBC}") = "ESTA.Domain.Order", "src\ESTA.Domain.Order\ESTA.Domain.Order.csproj", "{B6156679-6A64-4F2B-9E68-A8B29EF4EE10}"
EndProject
Project("{FAE04EC0-301F-11D3-BF4B-00C04F79EFBC}") = "ESTA.Shared.EventData", "src\ESTA.Shared.EventData\ESTA.Shared.EventData.csproj", "{7C620D31-FF3A-4A58-8A13-C050E4C710D2}"
EndProject
Project("{2150E333-8FDC-42A3-9474-1A3956D46DE8}") = "Service", "Service", "{502FBA38-8CE7-4D8A-8D81-AABA2EFFAB66}"
EndProject
Project("{FAE04EC0-301F-11D3-BF4B-00C04F79EFBC}") = "ESTA.Shared.Service.Order", "src\ESTA.Shared.Service.Order\ESTA.Shared.Service.Order.csproj", "{272EC2C5-878F-4AEC-9A2C-490E08051D9B}"
EndProject
Global
	GlobalSection(SolutionConfigurationPlatforms) = preSolution
		Debug|Any CPU = Debug|Any CPU
		Release|Any CPU = Release|Any CPU
	EndGlobalSection
	GlobalSection(ProjectConfigurationPlatforms) = postSolution
		{6BBB4E8D-6567-4D6C-8414-1A02F2F0A759}.Debug|Any CPU.ActiveCfg = Debug|Any CPU
		{6BBB4E8D-6567-4D6C-8414-1A02F2F0A759}.Debug|Any CPU.Build.0 = Debug|Any CPU
		{6BBB4E8D-6567-4D6C-8414-1A02F2F0A759}.Release|Any CPU.ActiveCfg = Release|Any CPU
		{6BBB4E8D-6567-4D6C-8414-1A02F2F0A759}.Release|Any CPU.Build.0 = Release|Any CPU
		{20843733-ACFD-4E44-AF84-5EE6E4EE89F5}.Debug|Any CPU.ActiveCfg = Debug|Any CPU
		{20843733-ACFD-4E44-AF84-5EE6E4EE89F5}.Debug|Any CPU.Build.0 = Debug|Any CPU
		{20843733-ACFD-4E44-AF84-5EE6E4EE89F5}.Release|Any CPU.ActiveCfg = Release|Any CPU
		{20843733-ACFD-4E44-AF84-5EE6E4EE89F5}.Release|Any CPU.Build.0 = Release|Any CPU
		{D0EA0669-E7B3-4E3B-A8B4-2A5B138C3936}.Debug|Any CPU.ActiveCfg = Debug|Any CPU
		{D0EA0669-E7B3-4E3B-A8B4-2A5B138C3936}.Debug|Any CPU.Build.0 = Debug|Any CPU
		{D0EA0669-E7B3-4E3B-A8B4-2A5B138C3936}.Release|Any CPU.ActiveCfg = Release|Any CPU
		{D0EA0669-E7B3-4E3B-A8B4-2A5B138C3936}.Release|Any CPU.Build.0 = Release|Any CPU
		{1608EB85-4BD7-4E81-8EDD-AF93201D8C06}.Debug|Any CPU.ActiveCfg = Debug|Any CPU
		{1608EB85-4BD7-4E81-8EDD-AF93201D8C06}.Debug|Any CPU.Build.0 = Debug|Any CPU
		{1608EB85-4BD7-4E81-8EDD-AF93201D8C06}.Release|Any CPU.ActiveCfg = Release|Any CPU
		{1608EB85-4BD7-4E81-8EDD-AF93201D8C06}.Release|Any CPU.Build.0 = Release|Any CPU
		{D11FE0A5-941C-E467-81FE-D6BFEBF730E4}.Debug|Any CPU.ActiveCfg = Debug|Any CPU
		{D11FE0A5-941C-E467-81FE-D6BFEBF730E4}.Debug|Any CPU.Build.0 = Debug|Any CPU
		{D11FE0A5-941C-E467-81FE-D6BFEBF730E4}.Release|Any CPU.ActiveCfg = Release|Any CPU
		{D11FE0A5-941C-E467-81FE-D6BFEBF730E4}.Release|Any CPU.Build.0 = Release|Any CPU
		{EB82C926-7D93-4A26-A3C7-FDCEA3D733AF}.Debug|Any CPU.ActiveCfg = Debug|Any CPU
		{EB82C926-7D93-4A26-A3C7-FDCEA3D733AF}.Debug|Any CPU.Build.0 = Debug|Any CPU
		{EB82C926-7D93-4A26-A3C7-FDCEA3D733AF}.Release|Any CPU.ActiveCfg = Release|Any CPU
		{EB82C926-7D93-4A26-A3C7-FDCEA3D733AF}.Release|Any CPU.Build.0 = Release|Any CPU
		{D2ACBEC7-EE07-4D38-A12C-37D9962FF18C}.Debug|Any CPU.ActiveCfg = Debug|Any CPU
		{D2ACBEC7-EE07-4D38-A12C-37D9962FF18C}.Debug|Any CPU.Build.0 = Debug|Any CPU
		{D2ACBEC7-EE07-4D38-A12C-37D9962FF18C}.Release|Any CPU.ActiveCfg = Release|Any CPU
		{D2ACBEC7-EE07-4D38-A12C-37D9962FF18C}.Release|Any CPU.Build.0 = Release|Any CPU
		{B6156679-6A64-4F2B-9E68-A8B29EF4EE10}.Debug|Any CPU.ActiveCfg = Debug|Any CPU
		{B6156679-6A64-4F2B-9E68-A8B29EF4EE10}.Debug|Any CPU.Build.0 = Debug|Any CPU
		{B6156679-6A64-4F2B-9E68-A8B29EF4EE10}.Release|Any CPU.ActiveCfg = Release|Any CPU
		{B6156679-6A64-4F2B-9E68-A8B29EF4EE10}.Release|Any CPU.Build.0 = Release|Any CPU
		{7C620D31-FF3A-4A58-8A13-C050E4C710D2}.Debug|Any CPU.ActiveCfg = Debug|Any CPU
		{7C620D31-FF3A-4A58-8A13-C050E4C710D2}.Debug|Any CPU.Build.0 = Debug|Any CPU
		{7C620D31-FF3A-4A58-8A13-C050E4C710D2}.Release|Any CPU.ActiveCfg = Release|Any CPU
		{7C620D31-FF3A-4A58-8A13-C050E4C710D2}.Release|Any CPU.Build.0 = Release|Any CPU
		{272EC2C5-878F-4AEC-9A2C-490E08051D9B}.Debug|Any CPU.ActiveCfg = Debug|Any CPU
		{272EC2C5-878F-4AEC-9A2C-490E08051D9B}.Debug|Any CPU.Build.0 = Debug|Any CPU
		{272EC2C5-878F-4AEC-9A2C-490E08051D9B}.Release|Any CPU.ActiveCfg = Release|Any CPU
		{272EC2C5-878F-4AEC-9A2C-490E08051D9B}.Release|Any CPU.Build.0 = Release|Any CPU
	EndGlobalSection
	GlobalSection(SolutionProperties) = preSolution
		HideSolutionNode = FALSE
	EndGlobalSection
	GlobalSection(NestedProjects) = preSolution
		{6BBB4E8D-6567-4D6C-8414-1A02F2F0A759} = {F23FE666-52B8-48AC-960F-3F2F6C2C97E3}
		{31718A6D-ED1B-43CB-BB06-98028A994D45} = {899FE16D-A00F-469B-BB11-00C55BB43BB7}
		{20843733-ACFD-4E44-AF84-5EE6E4EE89F5} = {31718A6D-ED1B-43CB-BB06-98028A994D45}
		{D0EA0669-E7B3-4E3B-A8B4-2A5B138C3936} = {F23FE666-52B8-48AC-960F-3F2F6C2C97E3}
		{1608EB85-4BD7-4E81-8EDD-AF93201D8C06} = {899FE16D-A00F-469B-BB11-00C55BB43BB7}
		{D11FE0A5-941C-E467-81FE-D6BFEBF730E4} = {F23FE666-52B8-48AC-960F-3F2F6C2C97E3}
		{EB82C926-7D93-4A26-A3C7-FDCEA3D733AF} = {02EA681E-C7D8-13C7-8484-4AC65E1B71E8}
		{D2ACBEC7-EE07-4D38-A12C-37D9962FF18C} = {02EA681E-C7D8-13C7-8484-4AC65E1B71E8}
		{B6156679-6A64-4F2B-9E68-A8B29EF4EE10} = {02EA681E-C7D8-13C7-8484-4AC65E1B71E8}
		{7C620D31-FF3A-4A58-8A13-C050E4C710D2} = {31718A6D-ED1B-43CB-BB06-98028A994D45}
		{502FBA38-8CE7-4D8A-8D81-AABA2EFFAB66} = {899FE16D-A00F-469B-BB11-00C55BB43BB7}
		{272EC2C5-878F-4AEC-9A2C-490E08051D9B} = {502FBA38-8CE7-4D8A-8D81-AABA2EFFAB66}
	EndGlobalSection
	GlobalSection(ExtensibilityGlobals) = postSolution
		SolutionGuid = {29DAF103-220F-40FC-9058-C084D9D47E12}
	EndGlobalSection
EndGlobal
